// !$*UTF8*$!
{
	archiveVersion = 1;
	classes = {
	};
	objectVersion = 56;
	objects = {

/* Begin PBXBuildFile section */
		APP001 /* ConvertifyApp.swift in Sources */ = {isa = PBXBuildFile; fileRef = SRC001 /* ConvertifyApp.swift */; };
		APP002 /* ContentView.swift in Sources */ = {isa = PBXBuildFile; fileRef = SRC002 /* ContentView.swift */; };
		APP003 /* Assets.xcassets in Resources */ = {isa = PBXBuildFile; fileRef = RES001 /* Assets.xcassets */; };
		APP004 /* MediaFile.swift in Sources */ = {isa = PBXBuildFile; fileRef = SRC004 /* MediaFile.swift */; };
		APP005 /* ConversionJob.swift in Sources */ = {isa = PBXBuildFile; fileRef = SRC005 /* ConversionJob.swift */; };
		APP006 /* OutputFormat.swift in Sources */ = {isa = PBXBuildFile; fileRef = SRC006 /* OutputFormat.swift */; };
		APP007 /* QualityPreset.swift in Sources */ = {isa = PBXBuildFile; fileRef = SRC007 /* QualityPreset.swift */; };
		APP008 /* FFmpegService.swift in Sources */ = {isa = PBXBuildFile; fileRef = SRC008 /* FFmpegService.swift */; };
		APP009 /* MediaProbeService.swift in Sources */ = {isa = PBXBuildFile; fileRef = SRC009 /* MediaProbeService.swift */; };
		APP010 /* HardwareDetector.swift in Sources */ = {isa = PBXBuildFile; fileRef = SRC010 /* HardwareDetector.swift */; };
		APP011 /* FFmpegCommandBuilder.swift in Sources */ = {isa = PBXBuildFile; fileRef = SRC011 /* FFmpegCommandBuilder.swift */; };
		APP012 /* DropZoneView.swift in Sources */ = {isa = PBXBuildFile; fileRef = SRC012 /* DropZoneView.swift */; };
		APP013 /* ConversionPanelView.swift in Sources */ = {isa = PBXBuildFile; fileRef = SRC013 /* ConversionPanelView.swift */; };
		APP014 /* AdvancedOptionsView.swift in Sources */ = {isa = PBXBuildFile; fileRef = SRC014 /* AdvancedOptionsView.swift */; };
		APP015 /* ProgressOverlayView.swift in Sources */ = {isa = PBXBuildFile; fileRef = SRC015 /* ProgressOverlayView.swift */; };
		APP016 /* FFmpegTypes.swift in Sources */ = {isa = PBXBuildFile; fileRef = SRC016 /* FFmpegTypes.swift */; };
		APP017 /* FilterGraph.swift in Sources */ = {isa = PBXBuildFile; fileRef = SRC017 /* FilterGraph.swift */; };
		APP018 /* HardwareAcceleration.swift in Sources */ = {isa = PBXBuildFile; fileRef = SRC018 /* HardwareAcceleration.swift */; };
		APP019 /* TranscodingPipeline.swift in Sources */ = {isa = PBXBuildFile; fileRef = SRC019 /* TranscodingPipeline.swift */; };
		FWK002 /* FFmpegKit in Frameworks */ = {isa = PBXBuildFile; productRef = PKG001 /* FFmpegKit */; };
/* End PBXBuildFile section */

/* Begin PBXFileReference section */
		CFG001 /* Info.plist */ = {isa = PBXFileReference; lastKnownFileType = text.plist.xml; path = Info.plist; sourceTree = "<group>"; };
		CFG002 /* Convertify.entitlements */ = {isa = PBXFileReference; lastKnownFileType = text.plist.entitlements; path = Convertify.entitlements; sourceTree = "<group>"; };
		PRD001 /* Convertify.app */ = {isa = PBXFileReference; explicitFileType = wrapper.application; includeInIndex = 0; path = Convertify.app; sourceTree = BUILT_PRODUCTS_DIR; };
		RES001 /* Assets.xcassets */ = {isa = PBXFileReference; lastKnownFileType = folder.assetcatalog; path = Assets.xcassets; sourceTree = "<group>"; };
		SRC001 /* ConvertifyApp.swift */ = {isa = PBXFileReference; lastKnownFileType = sourcecode.swift; path = ConvertifyApp.swift; sourceTree = "<group>"; };
		SRC002 /* ContentView.swift */ = {isa = PBXFileReference; lastKnownFileType = sourcecode.swift; path = ContentView.swift; sourceTree = "<group>"; };
		SRC004 /* MediaFile.swift */ = {isa = PBXFileReference; lastKnownFileType = sourcecode.swift; path = MediaFile.swift; sourceTree = "<group>"; };
		SRC005 /* ConversionJob.swift */ = {isa = PBXFileReference; lastKnownFileType = sourcecode.swift; path = ConversionJob.swift; sourceTree = "<group>"; };
		SRC006 /* OutputFormat.swift */ = {isa = PBXFileReference; lastKnownFileType = sourcecode.swift; path = OutputFormat.swift; sourceTree = "<group>"; };
		SRC007 /* QualityPreset.swift */ = {isa = PBXFileReference; lastKnownFileType = sourcecode.swift; path = QualityPreset.swift; sourceTree = "<group>"; };
		SRC008 /* FFmpegService.swift */ = {isa = PBXFileReference; lastKnownFileType = sourcecode.swift; path = FFmpegService.swift; sourceTree = "<group>"; };
		SRC009 /* MediaProbeService.swift */ = {isa = PBXFileReference; lastKnownFileType = sourcecode.swift; path = MediaProbeService.swift; sourceTree = "<group>"; };
		SRC010 /* HardwareDetector.swift */ = {isa = PBXFileReference; lastKnownFileType = sourcecode.swift; path = HardwareDetector.swift; sourceTree = "<group>"; };
		SRC011 /* FFmpegCommandBuilder.swift */ = {isa = PBXFileReference; lastKnownFileType = sourcecode.swift; path = FFmpegCommandBuilder.swift; sourceTree = "<group>"; };
		SRC012 /* DropZoneView.swift */ = {isa = PBXFileReference; lastKnownFileType = sourcecode.swift; path = DropZoneView.swift; sourceTree = "<group>"; };
		SRC013 /* ConversionPanelView.swift */ = {isa = PBXFileReference; lastKnownFileType = sourcecode.swift; path = ConversionPanelView.swift; sourceTree = "<group>"; };
		SRC014 /* AdvancedOptionsView.swift */ = {isa = PBXFileReference; lastKnownFileType = sourcecode.swift; path = AdvancedOptionsView.swift; sourceTree = "<group>"; };
		SRC015 /* ProgressOverlayView.swift */ = {isa = PBXFileReference; lastKnownFileType = sourcecode.swift; path = ProgressOverlayView.swift; sourceTree = "<group>"; };
		SRC016 /* FFmpegTypes.swift */ = {isa = PBXFileReference; lastKnownFileType = sourcecode.swift; path = FFmpegTypes.swift; sourceTree = "<group>"; };
		SRC017 /* FilterGraph.swift */ = {isa = PBXFileReference; lastKnownFileType = sourcecode.swift; path = FilterGraph.swift; sourceTree = "<group>"; };
		SRC018 /* HardwareAcceleration.swift */ = {isa = PBXFileReference; lastKnownFileType = sourcecode.swift; path = HardwareAcceleration.swift; sourceTree = "<group>"; };
		SRC019 /* TranscodingPipeline.swift */ = {isa = PBXFileReference; lastKnownFileType = sourcecode.swift; path = TranscodingPipeline.swift; sourceTree = "<group>"; };
/* End PBXFileReference section */

/* Begin PBXFrameworksBuildPhase section */
		FWK001 /* Frameworks */ = {
			isa = PBXFrameworksBuildPhase;
			buildActionMask = 2147483647;
			files = (
				FWK002 /* FFmpegKit in Frameworks */,
			);
			runOnlyForDeploymentPostprocessing = 0;
		};
/* End PBXFrameworksBuildPhase section */

/* Begin PBXGroup section */
		GRP000 = {
			isa = PBXGroup;
			children = (
				GRP001 /* Convertify */,
				GRP002 /* Products */,
			);
			sourceTree = "<group>";
		};
		GRP001 /* Convertify */ = {
			isa = PBXGroup;
			children = (
				SRC001 /* ConvertifyApp.swift */,
				GRP003 /* Models */,
				GRP004 /* Services */,
				GRP005 /* Views */,
				GRP006 /* Utilities */,
				GRP007 /* FFmpegKit */,
				RES001 /* Assets.xcassets */,
				CFG001 /* Info.plist */,
				CFG002 /* Convertify.entitlements */,
			);
			path = Convertify;
			sourceTree = "<group>";
		};
		GRP002 /* Products */ = {
			isa = PBXGroup;
			children = (
				PRD001 /* Convertify.app */,
			);
			name = Products;
			sourceTree = "<group>";
		};
		GRP003 /* Models */ = {
			isa = PBXGroup;
			children = (
				SRC004 /* MediaFile.swift */,
				SRC005 /* ConversionJob.swift */,
				SRC006 /* OutputFormat.swift */,
				SRC007 /* QualityPreset.swift */,
			);
			path = Models;
			sourceTree = "<group>";
		};
		GRP004 /* Services */ = {
			isa = PBXGroup;
			children = (
				SRC008 /* FFmpegService.swift */,
				SRC009 /* MediaProbeService.swift */,
				SRC010 /* HardwareDetector.swift */,
			);
			path = Services;
			sourceTree = "<group>";
		};
		GRP005 /* Views */ = {
			isa = PBXGroup;
			children = (
				SRC002 /* ContentView.swift */,
				SRC012 /* DropZoneView.swift */,
				SRC013 /* ConversionPanelView.swift */,
				SRC014 /* AdvancedOptionsView.swift */,
				SRC015 /* ProgressOverlayView.swift */,
			);
			path = Views;
			sourceTree = "<group>";
		};
		GRP006 /* Utilities */ = {
			isa = PBXGroup;
			children = (
				SRC011 /* FFmpegCommandBuilder.swift */,
			);
			path = Utilities;
			sourceTree = "<group>";
		};
		GRP007 /* FFmpegKit */ = {
			isa = PBXGroup;
			children = (
				SRC016 /* FFmpegTypes.swift */,
				SRC017 /* FilterGraph.swift */,
				SRC018 /* HardwareAcceleration.swift */,
				SRC019 /* TranscodingPipeline.swift */,
			);
			path = FFmpegKit;
			sourceTree = "<group>";
		};
/* End PBXGroup section */

/* Begin PBXNativeTarget section */
		TGT001 /* Convertify */ = {
			isa = PBXNativeTarget;
			buildConfigurationList = CFG003 /* Build configuration list for PBXNativeTarget "Convertify" */;
			buildPhases = (
				SRC003 /* Sources */,
				FWK001 /* Frameworks */,
				RES002 /* Resources */,
				SCR001 /* Fix Framework Bundles */,
			);
			buildRules = (
			);
			dependencies = (
			);
			name = Convertify;
			packageProductDependencies = (
				PKG001 /* FFmpegKit */,
			);
			productName = Convertify;
			productReference = PRD001 /* Convertify.app */;
			productType = "com.apple.product-type.application";
		};
/* End PBXNativeTarget section */

/* Begin PBXProject section */
		PRJ001 /* Project object */ = {
			isa = PBXProject;
			attributes = {
				BuildIndependentTargetsInParallel = 1;
				LastSwiftUpdateCheck = 1500;
				LastUpgradeCheck = 2610;
				TargetAttributes = {
					TGT001 = {
						CreatedOnToolsVersion = 15.0;
					};
				};
			};
			buildConfigurationList = CFG004 /* Build configuration list for PBXProject "Convertify" */;
			compatibilityVersion = "Xcode 14.0";
			developmentRegion = en;
			hasScannedForEncodings = 0;
			knownRegions = (
				en,
				Base,
			);
			mainGroup = GRP000;
			packageReferences = (
				PKG000 /* XCRemoteSwiftPackageReference "FFmpegKit" */,
			);
			productRefGroup = GRP002 /* Products */;
			projectDirPath = "";
			projectRoot = "";
			targets = (
				TGT001 /* Convertify */,
			);
		};
/* End PBXProject section */

/* Begin PBXResourcesBuildPhase section */
		RES002 /* Resources */ = {
			isa = PBXResourcesBuildPhase;
			buildActionMask = 2147483647;
			files = (
				APP003 /* Assets.xcassets in Resources */,
			);
			runOnlyForDeploymentPostprocessing = 0;
		};
/* End PBXResourcesBuildPhase section */

/* Begin PBXSourcesBuildPhase section */
		SRC003 /* Sources */ = {
			isa = PBXSourcesBuildPhase;
			buildActionMask = 2147483647;
			files = (
				APP001 /* ConvertifyApp.swift in Sources */,
				APP002 /* ContentView.swift in Sources */,
				APP004 /* MediaFile.swift in Sources */,
				APP005 /* ConversionJob.swift in Sources */,
				APP006 /* OutputFormat.swift in Sources */,
				APP007 /* QualityPreset.swift in Sources */,
				APP008 /* FFmpegService.swift in Sources */,
				APP009 /* MediaProbeService.swift in Sources */,
				APP010 /* HardwareDetector.swift in Sources */,
				APP011 /* FFmpegCommandBuilder.swift in Sources */,
				APP012 /* DropZoneView.swift in Sources */,
				APP013 /* ConversionPanelView.swift in Sources */,
				APP014 /* AdvancedOptionsView.swift in Sources */,
				APP015 /* ProgressOverlayView.swift in Sources */,
				APP016 /* FFmpegTypes.swift in Sources */,
				APP017 /* FilterGraph.swift in Sources */,
				APP018 /* HardwareAcceleration.swift in Sources */,
				APP019 /* TranscodingPipeline.swift in Sources */,
			);
			runOnlyForDeploymentPostprocessing = 0;
		};
/* End PBXSourcesBuildPhase section */

/* Begin PBXShellScriptBuildPhase section */
		SCR001 /* Fix Framework Bundles */ = {
			isa = PBXShellScriptBuildPhase;
			buildActionMask = 2147483647;
			files = (
			);
			inputFileListPaths = (
			);
			inputPaths = (
			);
			name = "Fix Framework Bundles";
			outputFileListPaths = (
			);
			outputPaths = (
			);
			runOnlyForDeploymentPostprocessing = 0;
			shellPath = /bin/bash;
			shellScript = "# Convert shallow framework bundles to versioned bundles for macOS\n# Also strip x86_64 simulator architectures and fix bundle identifiers for App Store\nset -e\n\nFRAMEWORKS_PATH=\"${BUILT_PRODUCTS_DIR}/${FRAMEWORKS_FOLDER_PATH}\"\nAPP_BUNDLE_ID=\"${PRODUCT_BUNDLE_IDENTIFIER}\"\n\nif [ ! -d \"$FRAMEWORKS_PATH\" ]; then\n    echo \"Frameworks directory not found, skipping\"\n    exit 0\nfi\n\necho \"Processing frameworks in: $FRAMEWORKS_PATH\"\necho \"App Bundle ID: $APP_BUNDLE_ID\"\n\n# Function to fix bundle identifier in Info.plist\nfix_bundle_identifier() {\n    local plist_path=\"$1\"\n    local framework_name=\"$2\"\n    \n    if [ ! -f \"$plist_path\" ]; then\n        return 0\n    fi\n    \n    local current_id=$(/usr/libexec/PlistBuddy -c \"Print :CFBundleIdentifier\" \"$plist_path\" 2>/dev/null || echo \"\")\n    local new_id=\"${APP_BUNDLE_ID}.${framework_name}\"\n    \n    if [ -n \"$current_id\" ] && [ \"$current_id\" != \"$new_id\" ]; then\n        echo \"  Fixing bundle ID: $current_id -> $new_id\"\n        /usr/libexec/PlistBuddy -c \"Set :CFBundleIdentifier $new_id\" \"$plist_path\" 2>/dev/null || true\n    fi\n}\n\n# Function to strip x86_64 architecture from a binary\nstrip_simulator_archs() {\n    local binary=\"$1\"\n    if [ ! -f \"$binary\" ]; then\n        return 0\n    fi\n    \n    # Check if binary contains x86_64\n    if lipo -info \"$binary\" 2>/dev/null | grep -q \"x86_64\"; then\n        echo \"  Stripping x86_64 from: $(basename \"$binary\")\"\n        lipo -remove x86_64 \"$binary\" -output \"${binary}.tmp\" 2>/dev/null || true\n        if [ -f \"${binary}.tmp\" ]; then\n            mv \"${binary}.tmp\" \"$binary\"\n        fi\n    fi\n}\n\nprocess_framework() {\n    local framework_path=\"$1\"\n    local framework_name=$(basename \"$framework_path\" .framework)\n    \n    echo \"Processing: $framework_name.framework\"\n    \n    # Strip x86_64 from the binary\n    if [ -f \"$framework_path/$framework_name\" ]; then\n        strip_simulator_archs \"$framework_path/$framework_name\"\n    elif [ -f \"$framework_path/Versions/Current/$framework_name\" ]; then\n        strip_simulator_archs \"$framework_path/Versions/Current/$framework_name\"\n    fi\n    \n    # Fix bundle identifier in Info.plist (check both locations)\n    if [ -f \"$framework_path/Info.plist\" ]; then\n        fix_bundle_identifier \"$framework_path/Info.plist\" \"$framework_name\"\n    fi\n    if [ -f \"$framework_path/Versions/Current/Resources/Info.plist\" ]; then\n        fix_bundle_identifier \"$framework_path/Versions/Current/Resources/Info.plist\" \"$framework_name\"\n    fi\n    if [ -f \"$framework_path/Resources/Info.plist\" ]; then\n        fix_bundle_identifier \"$framework_path/Resources/Info.plist\" \"$framework_name\"\n    fi\n    \n    # Check if already a versioned bundle\n    if [ -d \"$framework_path/Versions\" ]; then\n        return 0\n    fi\n    \n    # Check if Info.plist exists at root (shallow bundle indicator)\n    if [ ! -f \"$framework_path/Info.plist\" ]; then\n        return 0\n    fi\n    \n    echo \"  Converting to versioned bundle\"\n    \n    # Create temporary directory for new structure\n    local temp_dir=$(mktemp -d)\n    local version_path=\"$temp_dir/Versions/A\"\n    mkdir -p \"$version_path/Resources\"\n    \n    # Copy binary\n    if [ -f \"$framework_path/$framework_name\" ]; then\n        cp -p \"$framework_path/$framework_name\" \"$version_path/$framework_name\"\n    fi\n    \n    # Copy Info.plist to Resources\n    cp -p \"$framework_path/Info.plist\" \"$version_path/Resources/Info.plist\"\n    \n    # Copy Headers if exists\n    if [ -d \"$framework_path/Headers\" ]; then\n        cp -Rp \"$framework_path/Headers\" \"$version_path/Headers\"\n    fi\n    \n    # Copy Modules if exists  \n    if [ -d \"$framework_path/Modules\" ]; then\n        cp -Rp \"$framework_path/Modules\" \"$version_path/Modules\"\n    fi\n    \n    # Create Current symlink\n    (cd \"$temp_dir/Versions\" && ln -sf \"A\" \"Current\")\n    \n    # Create top-level symlinks\n    if [ -f \"$version_path/$framework_name\" ]; then\n        (cd \"$temp_dir\" && ln -sf \"Versions/Current/$framework_name\" \"$framework_name\")\n    fi\n    (cd \"$temp_dir\" && ln -sf \"Versions/Current/Resources\" \"Resources\")\n    if [ -d \"$version_path/Headers\" ]; then\n        (cd \"$temp_dir\" && ln -sf \"Versions/Current/Headers\" \"Headers\")\n    fi\n    if [ -d \"$version_path/Modules\" ]; then\n        (cd \"$temp_dir\" && ln -sf \"Versions/Current/Modules\" \"Modules\")\n    fi\n    \n    # Replace the original framework\n    rm -rf \"$framework_path\"\n    mv \"$temp_dir\" \"$framework_path\"\n}\n\n# Process all frameworks\nfor framework in \"$FRAMEWORKS_PATH\"/*.framework; do\n    if [ -d \"$framework\" ]; then\n        process_framework \"$framework\"\n    fi\ndone\n\necho \"Framework processing complete\"\n";
		};
/* End PBXShellScriptBuildPhase section */

/* Begin XCBuildConfiguration section */
		BLD001 /* Debug */ = {
			isa = XCBuildConfiguration;
			buildSettings = {
				ALWAYS_SEARCH_USER_PATHS = NO;
				ASSETCATALOG_COMPILER_GENERATE_SWIFT_ASSET_SYMBOL_EXTENSIONS = YES;
				CLANG_ANALYZER_NONNULL = YES;
				CLANG_ANALYZER_NUMBER_OBJECT_CONVERSION = YES_AGGRESSIVE;
				CLANG_CXX_LANGUAGE_STANDARD = "gnu++20";
				CLANG_ENABLE_MODULES = YES;
				CLANG_ENABLE_OBJC_ARC = YES;
				CLANG_ENABLE_OBJC_WEAK = YES;
				CLANG_WARN_BLOCK_CAPTURE_AUTORELEASING = YES;
				CLANG_WARN_BOOL_CONVERSION = YES;
				CLANG_WARN_COMMA = YES;
				CLANG_WARN_CONSTANT_CONVERSION = YES;
				CLANG_WARN_DEPRECATED_OBJC_IMPLEMENTATIONS = YES;
				CLANG_WARN_DIRECT_OBJC_ISA_USAGE = YES_ERROR;
				CLANG_WARN_DOCUMENTATION_COMMENTS = YES;
				CLANG_WARN_EMPTY_BODY = YES;
				CLANG_WARN_ENUM_CONVERSION = YES;
				CLANG_WARN_INFINITE_RECURSION = YES;
				CLANG_WARN_INT_CONVERSION = YES;
				CLANG_WARN_NON_LITERAL_NULL_CONVERSION = YES;
				CLANG_WARN_OBJC_IMPLICIT_RETAIN_SELF = YES;
				CLANG_WARN_OBJC_LITERAL_CONVERSION = YES;
				CLANG_WARN_OBJC_ROOT_CLASS = YES_ERROR;
				CLANG_WARN_QUOTED_INCLUDE_IN_FRAMEWORK_HEADER = YES;
				CLANG_WARN_RANGE_LOOP_ANALYSIS = YES;
				CLANG_WARN_STRICT_PROTOTYPES = YES;
				CLANG_WARN_SUSPICIOUS_MOVE = YES;
				CLANG_WARN_UNGUARDED_AVAILABILITY = YES_AGGRESSIVE;
				CLANG_WARN_UNREACHABLE_CODE = YES;
				CLANG_WARN__DUPLICATE_METHOD_MATCH = YES;
				COPY_PHASE_STRIP = NO;
				DEAD_CODE_STRIPPING = YES;
				DEBUG_INFORMATION_FORMAT = dwarf;
				ENABLE_STRICT_OBJC_MSGSEND = YES;
				ENABLE_TESTABILITY = YES;
				ENABLE_USER_SCRIPT_SANDBOXING = NO;
				GCC_C_LANGUAGE_STANDARD = gnu17;
				GCC_DYNAMIC_NO_PIC = NO;
				GCC_NO_COMMON_BLOCKS = YES;
				GCC_OPTIMIZATION_LEVEL = 0;
				GCC_PREPROCESSOR_DEFINITIONS = (
					"DEBUG=1",
					"$(inherited)",
				);
				GCC_WARN_64_TO_32_BIT_CONVERSION = YES;
				GCC_WARN_ABOUT_RETURN_TYPE = YES_ERROR;
				GCC_WARN_UNDECLARED_SELECTOR = YES;
				GCC_WARN_UNINITIALIZED_AUTOS = YES_AGGRESSIVE;
				GCC_WARN_UNUSED_FUNCTION = YES;
				GCC_WARN_UNUSED_VARIABLE = YES;
				LOCALIZATION_PREFERS_STRING_CATALOGS = YES;
				MACOSX_DEPLOYMENT_TARGET = 14.0;
				MTL_ENABLE_DEBUG_INFO = INCLUDE_SOURCE;
				MTL_FAST_MATH = YES;
				ONLY_ACTIVE_ARCH = YES;
				SDKROOT = macosx;
				STRING_CATALOG_GENERATE_SYMBOLS = YES;
				SWIFT_ACTIVE_COMPILATION_CONDITIONS = "DEBUG $(inherited)";
				SWIFT_OPTIMIZATION_LEVEL = "-Onone";
			};
			name = Debug;
		};
		BLD002 /* Release */ = {
			isa = XCBuildConfiguration;
			buildSettings = {
				ALWAYS_SEARCH_USER_PATHS = NO;
				ASSETCATALOG_COMPILER_GENERATE_SWIFT_ASSET_SYMBOL_EXTENSIONS = YES;
				CLANG_ANALYZER_NONNULL = YES;
				CLANG_ANALYZER_NUMBER_OBJECT_CONVERSION = YES_AGGRESSIVE;
				CLANG_CXX_LANGUAGE_STANDARD = "gnu++20";
				CLANG_ENABLE_MODULES = YES;
				CLANG_ENABLE_OBJC_ARC = YES;
				CLANG_ENABLE_OBJC_WEAK = YES;
				CLANG_WARN_BLOCK_CAPTURE_AUTORELEASING = YES;
				CLANG_WARN_BOOL_CONVERSION = YES;
				CLANG_WARN_COMMA = YES;
				CLANG_WARN_CONSTANT_CONVERSION = YES;
				CLANG_WARN_DEPRECATED_OBJC_IMPLEMENTATIONS = YES;
				CLANG_WARN_DIRECT_OBJC_ISA_USAGE = YES_ERROR;
				CLANG_WARN_DOCUMENTATION_COMMENTS = YES;
				CLANG_WARN_EMPTY_BODY = YES;
				CLANG_WARN_ENUM_CONVERSION = YES;
				CLANG_WARN_INFINITE_RECURSION = YES;
				CLANG_WARN_INT_CONVERSION = YES;
				CLANG_WARN_NON_LITERAL_NULL_CONVERSION = YES;
				CLANG_WARN_OBJC_IMPLICIT_RETAIN_SELF = YES;
				CLANG_WARN_OBJC_LITERAL_CONVERSION = YES;
				CLANG_WARN_OBJC_ROOT_CLASS = YES_ERROR;
				CLANG_WARN_QUOTED_INCLUDE_IN_FRAMEWORK_HEADER = YES;
				CLANG_WARN_RANGE_LOOP_ANALYSIS = YES;
				CLANG_WARN_STRICT_PROTOTYPES = YES;
				CLANG_WARN_SUSPICIOUS_MOVE = YES;
				CLANG_WARN_UNGUARDED_AVAILABILITY = YES_AGGRESSIVE;
				CLANG_WARN_UNREACHABLE_CODE = YES;
				CLANG_WARN__DUPLICATE_METHOD_MATCH = YES;
				COPY_PHASE_STRIP = NO;
				DEAD_CODE_STRIPPING = YES;
				DEBUG_INFORMATION_FORMAT = "dwarf-with-dsym";
				ENABLE_NS_ASSERTIONS = NO;
				ENABLE_STRICT_OBJC_MSGSEND = YES;
				ENABLE_USER_SCRIPT_SANDBOXING = NO;
				GCC_C_LANGUAGE_STANDARD = gnu17;
				GCC_NO_COMMON_BLOCKS = YES;
				GCC_WARN_64_TO_32_BIT_CONVERSION = YES;
				GCC_WARN_ABOUT_RETURN_TYPE = YES_ERROR;
				GCC_WARN_UNDECLARED_SELECTOR = YES;
				GCC_WARN_UNINITIALIZED_AUTOS = YES_AGGRESSIVE;
				GCC_WARN_UNUSED_FUNCTION = YES;
				GCC_WARN_UNUSED_VARIABLE = YES;
				LOCALIZATION_PREFERS_STRING_CATALOGS = YES;
				MACOSX_DEPLOYMENT_TARGET = 14.0;
				MTL_ENABLE_DEBUG_INFO = NO;
				MTL_FAST_MATH = YES;
				SDKROOT = macosx;
				STRING_CATALOG_GENERATE_SYMBOLS = YES;
				SWIFT_COMPILATION_MODE = wholemodule;
			};
			name = Release;
		};
		BLD003 /* Debug */ = {
			isa = XCBuildConfiguration;
			buildSettings = {
				ASSETCATALOG_COMPILER_APPICON_NAME = AppIcon;
				ASSETCATALOG_COMPILER_GLOBAL_ACCENT_COLOR_NAME = AccentColor;
				CODE_SIGN_ENTITLEMENTS = Convertify/Convertify.entitlements;
				CODE_SIGN_STYLE = Automatic;
				COMBINE_HIDPI_IMAGES = YES;
				CURRENT_PROJECT_VERSION = 1;
				DEAD_CODE_STRIPPING = YES;
				DEVELOPMENT_ASSET_PATHS = "";
				ENABLE_APP_SANDBOX = YES;
				ENABLE_FILE_ACCESS_DOWNLOADS_FOLDER = readwrite;
				ENABLE_HARDENED_RUNTIME = YES;
				ENABLE_PREVIEWS = YES;
				ENABLE_USER_SELECTED_FILES = readwrite;
				GENERATE_INFOPLIST_FILE = YES;
				INFOPLIST_FILE = Convertify/Info.plist;
				INFOPLIST_KEY_NSHumanReadableCopyright = "";
				LD_RUNPATH_SEARCH_PATHS = (
					"$(inherited)",
					"@executable_path/../Frameworks",
				);
				MARKETING_VERSION = 1.0;
				PRODUCT_BUNDLE_IDENTIFIER = md.thomas.convertify;
				PRODUCT_NAME = "$(TARGET_NAME)";
				SWIFT_EMIT_LOC_STRINGS = YES;
				SWIFT_VERSION = 5.0;
				VALIDATE_EMBEDDED_BUNDLES = NO;
			};
			name = Debug;
		};
		BLD004 /* Release */ = {
			isa = XCBuildConfiguration;
			buildSettings = {
				ASSETCATALOG_COMPILER_APPICON_NAME = AppIcon;
				ASSETCATALOG_COMPILER_GLOBAL_ACCENT_COLOR_NAME = AccentColor;
				CODE_SIGN_ENTITLEMENTS = Convertify/Convertify.entitlements;
				CODE_SIGN_STYLE = Automatic;
				COMBINE_HIDPI_IMAGES = YES;
				CURRENT_PROJECT_VERSION = 1;
				DEAD_CODE_STRIPPING = YES;
				DEVELOPMENT_ASSET_PATHS = "";
				ENABLE_APP_SANDBOX = YES;
				ENABLE_FILE_ACCESS_DOWNLOADS_FOLDER = readwrite;
				ENABLE_HARDENED_RUNTIME = YES;
				ENABLE_PREVIEWS = YES;
				ENABLE_USER_SELECTED_FILES = readwrite;
				GENERATE_INFOPLIST_FILE = YES;
				INFOPLIST_FILE = Convertify/Info.plist;
				INFOPLIST_KEY_NSHumanReadableCopyright = "";
				LD_RUNPATH_SEARCH_PATHS = (
					"$(inherited)",
					"@executable_path/../Frameworks",
				);
				MARKETING_VERSION = 1.0;
				PRODUCT_BUNDLE_IDENTIFIER = md.thomas.convertify;
				PRODUCT_NAME = "$(TARGET_NAME)";
				SWIFT_EMIT_LOC_STRINGS = YES;
				SWIFT_VERSION = 5.0;
				VALIDATE_EMBEDDED_BUNDLES = NO;
			};
			name = Release;
		};
/* End XCBuildConfiguration section */

/* Begin XCConfigurationList section */
		CFG003 /* Build configuration list for PBXNativeTarget "Convertify" */ = {
			isa = XCConfigurationList;
			buildConfigurations = (
				BLD003 /* Debug */,
				BLD004 /* Release */,
			);
			defaultConfigurationIsVisible = 0;
			defaultConfigurationName = Release;
		};
		CFG004 /* Build configuration list for PBXProject "Convertify" */ = {
			isa = XCConfigurationList;
			buildConfigurations = (
				BLD001 /* Debug */,
				BLD002 /* Release */,
			);
			defaultConfigurationIsVisible = 0;
			defaultConfigurationName = Release;
		};
/* End XCConfigurationList section */

/* Begin XCRemoteSwiftPackageReference section */
		PKG000 /* XCRemoteSwiftPackageReference "FFmpegKit" */ = {
			isa = XCRemoteSwiftPackageReference;
			repositoryURL = "https://github.com/kingslay/FFmpegKit.git";
			requirement = {
				kind = upToNextMajorVersion;
				minimumVersion = 6.1.0;
			};
		};
/* End XCRemoteSwiftPackageReference section */

/* Begin XCSwiftPackageProductDependency section */
		PKG001 /* FFmpegKit */ = {
			isa = XCSwiftPackageProductDependency;
			package = PKG000 /* XCRemoteSwiftPackageReference "FFmpegKit" */;
			productName = FFmpegKit;
		};
/* End XCSwiftPackageProductDependency section */
	};
	rootObject = PRJ001 /* Project object */;
}
